
Microsoft Visual Studio Solution File, Format Version 12.00
# Visual Studio Version 17
VisualStudioVersion = 17.6.33829.357
MinimumVisualStudioVersion = 10.0.40219.1
Project("{9A19103F-16F7-4668-BE54-9A1E7A4F7556}") = "BlazorMovies.Server", "BlazorMovies\Server\BlazorMovies.Server.csproj", "{501375CF-7720-4AA1-8BA4-BCBF83E5AF0B}"
EndProject
Project("{9A19103F-16F7-4668-BE54-9A1E7A4F7556}") = "BlazorMovies.Client", "BlazorMovies\Client\BlazorMovies.Client.csproj", "{EEEC046E-2A27-4C0E-83F7-C5B99B0A2654}"
EndProject
Project("{9A19103F-16F7-4668-BE54-9A1E7A4F7556}") = "BlazorMovies.Shared", "BlazorMovies\Shared\BlazorMovies.Shared.csproj", "{5C4D3764-AC7F-402B-8BC3-7DCFE5A8F68C}"
EndProject
Global
	GlobalSection(SolutionConfigurationPlatforms) = preSolution
		Debug|Any CPU = Debug|Any CPU
		Release|Any CPU = Release|Any CPU
	EndGlobalSection
	GlobalSection(ProjectConfigurationPlatforms) = postSolution
		{501375CF-7720-4AA1-8BA4-BCBF83E5AF0B}.Debug|Any CPU.ActiveCfg = Debug|Any CPU
		{501375CF-7720-4AA1-8BA4-BCBF83E5AF0B}.Debug|Any CPU.Build.0 = Debug|Any CPU
		{501375CF-7720-4AA1-8BA4-BCBF83E5AF0B}.Release|Any CPU.ActiveCfg = Release|Any CPU
		{501375CF-7720-4AA1-8BA4-BCBF83E5AF0B}.Release|Any CPU.Build.0 = Release|Any CPU
		{EEEC046E-2A27-4C0E-83F7-C5B99B0A2654}.Debug|Any CPU.ActiveCfg = Debug|Any CPU
		{EEEC046E-2A27-4C0E-83F7-C5B99B0A2654}.Debug|Any CPU.Build.0 = Debug|Any CPU
		{EEEC046E-2A27-4C0E-83F7-C5B99B0A2654}.Release|Any CPU.ActiveCfg = Release|Any CPU
		{EEEC046E-2A27-4C0E-83F7-C5B99B0A2654}.Release|Any CPU.Build.0 = Release|Any CPU
		{5C4D3764-AC7F-402B-8BC3-7DCFE5A8F68C}.Debug|Any CPU.ActiveCfg = Debug|Any CPU
		{5C4D3764-AC7F-402B-8BC3-7DCFE5A8F68C}.Debug|Any CPU.Build.0 = Debug|Any CPU
		{5C4D3764-AC7F-402B-8BC3-7DCFE5A8F68C}.Release|Any CPU.ActiveCfg = Release|Any CPU
		{5C4D3764-AC7F-402B-8BC3-7DCFE5A8F68C}.Release|Any CPU.Build.0 = Release|Any CPU
	EndGlobalSection
	GlobalSection(SolutionProperties) = preSolution
		HideSolutionNode = FALSE
	EndGlobalSection
	GlobalSection(ExtensibilityGlobals) = postSolution
		SolutionGuid = {59943827-193D-4DCD-806F-3889589C02D6}
	EndGlobalSection
EndGlobal
